
Microsoft Visual Studio Solution File, Format Version 12.00
# Visual Studio Version 16
VisualStudioVersion = 16.0.29728.190
MinimumVisualStudioVersion = 10.0.40219.1
Project("{FAE04EC0-301F-11D3-BF4B-00C04F79EFBC}") = "ContactsApp", "ContactsApp.csproj", "{D5A73447-A938-4222-8818-6273E28859EA}"
EndProject
Global
	GlobalSection(SolutionConfigurationPlatforms) = preSolution
		Debug|Any CPU = Debug|Any CPU
		Release|Any CPU = Release|Any CPU
	EndGlobalSection
	GlobalSection(ProjectConfigurationPlatforms) = postSolution
		{D5A73447-A938-4222-8818-6273E28859EA}.Debug|Any CPU.ActiveCfg = Debug|Any CPU
		{D5A73447-A938-4222-8818-6273E28859EA}.Debug|Any CPU.Build.0 = Debug|Any CPU
		{D5A73447-A938-4222-8818-6273E28859EA}.Release|Any CPU.ActiveCfg = Release|Any CPU
		{D5A73447-A938-4222-8818-6273E28859EA}.Release|Any CPU.Build.0 = Release|Any CPU
	EndGlobalSection
	GlobalSection(SolutionProperties) = preSolution
		HideSolutionNode = FALSE
	EndGlobalSection
	GlobalSection(ExtensibilityGlobals) = postSolution
		SolutionGuid = {486B8FC3-4A90-4B47-B8F7-4C8A3F4FC490}
	EndGlobalSection
EndGlobal
